# This file is autogenerated, do not edit; changes may be undone by the next 'dep ensure'.


[[projects]]
  name = "github.com/certifi/gocertifi"
  packages = ["."]
  revision = "deb3ae2ef2610fde3330947281941c562861188b"
  version = "2018.01.18"

[[projects]]
  branch = "master"
  name = "github.com/flynn/hid"
  packages = ["."]
  revision = "b05c9b279308801143ab55c30a082a05ca327a0b"

[[projects]]
  branch = "master"
  name = "github.com/flynn/u2f"
  packages = [
    "u2fhid",
    "u2ftoken"
  ]
  revision = "15554eb68e5d19e68c695297704027085569aaa5"

[[projects]]
  branch = "master"
  name = "github.com/getsentry/raven-go"
  packages = ["."]
  revision = "7535a8fa2ace0ffb684b19f28d00655459ea2dae"

[[projects]]
  name = "github.com/pkg/errors"
  packages = ["."]
  revision = "645ef00459ed84a119197bfb8d8205042c6df63d"
  version = "v0.8.0"

[[projects]]
  branch = "master"
  name = "github.com/seibert-media/golibs"
  packages = ["log"]
  revision = "9784a5cb2c6e4ea4a28687622fdeeef1113db87e"

[[projects]]
  name = "go.uber.org/atomic"
  packages = ["."]
  revision = "4e336646b2ef9fc6e47be8e21594178f98e5ebcf"
  version = "v1.2.0"

[[projects]]
  name = "go.uber.org/multierr"
  packages = ["."]
  revision = "3c4937480c32f4c13a875a1829af76c98ca3d40a"
  version = "v1.1.0"

[[projects]]
  name = "go.uber.org/zap"
  packages = [
    ".",
    "buffer",
    "internal/bufferpool",
    "internal/color",
    "internal/exit",
    "zapcore"
  ]
  revision = "4d45f9617f7d90f7a663ff21c7a4321dbe78098b"
  version = "v1.9.0"

[solve-meta]
  analyzer-name = "dep"
  analyzer-version = 1
  inputs-digest = "2afae60949257778aa9b4f33afd3632a5c47ce7b2c05dd756437f885c9c06129"
  solver-name = "gps-cdcl"
  solver-version = 1
